
Microsoft Visual Studio Solution File, Format Version 12.00
# Visual Studio Version 17
VisualStudioVersion = 17.3.32901.215
MinimumVisualStudioVersion = 10.0.40219.1
Project("{FAE04EC0-301F-11D3-BF4B-00C04F79EFBC}") = "Dynamics365_TestPlugin", "Dynamics365_Test\Dynamics365_TestPlugin.csproj", "{31E86ACA-1D0A-4233-934C-B6666DC090DB}"
EndProject
Project("{9A19103F-16F7-4668-BE54-9A1E7A4F7556}") = "Dynamics365_TestAPI", "Grocery API\Dynamics365_TestAPI.csproj", "{5FE535F1-7BDC-4410-A91F-59B17ED8C385}"
EndProject
Project("{2150E333-8FDC-42A3-9474-1A3956D46DE8}") = "Dynamics365_TestJS", "Dynamics365_TestJS", "{613A3C11-84FA-474C-917A-0234273CD8E6}"
	ProjectSection(SolutionItems) = preProject
		GroceryScripts.js = GroceryScripts.js
	EndProjectSection
EndProject
Project("{2150E333-8FDC-42A3-9474-1A3956D46DE8}") = "Dynamics 365 Sandbox", "Dynamics 365 Sandbox", "{AE2B9EC1-E56A-47A9-BAC6-1A9350064B9A}"
EndProject
Project("{2150E333-8FDC-42A3-9474-1A3956D46DE8}") = "API Sandbox", "API Sandbox", "{0730D993-A63B-432B-9FE9-EAEE8172D5A4}"
EndProject
Project("{2150E333-8FDC-42A3-9474-1A3956D46DE8}") = "Testing Grounds", "Testing Grounds", "{BE875889-023B-42C0-A1F3-684B376A0F5B}"
EndProject
Project("{9A19103F-16F7-4668-BE54-9A1E7A4F7556}") = "AdventureWorksClassLib", "AdventureWorksClassLib\AdventureWorksClassLib.csproj", "{1DF186B2-940A-4045-A0A3-E0211FE826C5}"
EndProject
Project("{9A19103F-16F7-4668-BE54-9A1E7A4F7556}") = "AdventureWorksAPI", "AdventureWorksAPI\AdventureWorksAPI.csproj", "{60726202-BB2E-4816-B695-DBE701527629}"
EndProject
Project("{2150E333-8FDC-42A3-9474-1A3956D46DE8}") = "Token Sandbox", "Token Sandbox", "{D9465DD7-39E7-455B-97AB-562009EE4AA3}"
EndProject
Project("{FAE04EC0-301F-11D3-BF4B-00C04F79EFBC}") = "Token_Test", "Token_Test\Token_Test.csproj", "{7FE258B9-08C4-400D-B99F-DF3994E0E992}"
EndProject
Global
	GlobalSection(SolutionConfigurationPlatforms) = preSolution
		Debug|Any CPU = Debug|Any CPU
		Release|Any CPU = Release|Any CPU
	EndGlobalSection
	GlobalSection(ProjectConfigurationPlatforms) = postSolution
		{31E86ACA-1D0A-4233-934C-B6666DC090DB}.Debug|Any CPU.ActiveCfg = Debug|Any CPU
		{31E86ACA-1D0A-4233-934C-B6666DC090DB}.Debug|Any CPU.Build.0 = Debug|Any CPU
		{31E86ACA-1D0A-4233-934C-B6666DC090DB}.Release|Any CPU.ActiveCfg = Release|Any CPU
		{31E86ACA-1D0A-4233-934C-B6666DC090DB}.Release|Any CPU.Build.0 = Release|Any CPU
		{5FE535F1-7BDC-4410-A91F-59B17ED8C385}.Debug|Any CPU.ActiveCfg = Debug|Any CPU
		{5FE535F1-7BDC-4410-A91F-59B17ED8C385}.Debug|Any CPU.Build.0 = Debug|Any CPU
		{5FE535F1-7BDC-4410-A91F-59B17ED8C385}.Release|Any CPU.ActiveCfg = Release|Any CPU
		{5FE535F1-7BDC-4410-A91F-59B17ED8C385}.Release|Any CPU.Build.0 = Release|Any CPU
		{1DF186B2-940A-4045-A0A3-E0211FE826C5}.Debug|Any CPU.ActiveCfg = Debug|Any CPU
		{1DF186B2-940A-4045-A0A3-E0211FE826C5}.Debug|Any CPU.Build.0 = Debug|Any CPU
		{1DF186B2-940A-4045-A0A3-E0211FE826C5}.Release|Any CPU.ActiveCfg = Release|Any CPU
		{1DF186B2-940A-4045-A0A3-E0211FE826C5}.Release|Any CPU.Build.0 = Release|Any CPU
		{60726202-BB2E-4816-B695-DBE701527629}.Debug|Any CPU.ActiveCfg = Debug|Any CPU
		{60726202-BB2E-4816-B695-DBE701527629}.Debug|Any CPU.Build.0 = Debug|Any CPU
		{60726202-BB2E-4816-B695-DBE701527629}.Release|Any CPU.ActiveCfg = Release|Any CPU
		{60726202-BB2E-4816-B695-DBE701527629}.Release|Any CPU.Build.0 = Release|Any CPU
		{7FE258B9-08C4-400D-B99F-DF3994E0E992}.Debug|Any CPU.ActiveCfg = Debug|Any CPU
		{7FE258B9-08C4-400D-B99F-DF3994E0E992}.Debug|Any CPU.Build.0 = Debug|Any CPU
		{7FE258B9-08C4-400D-B99F-DF3994E0E992}.Release|Any CPU.ActiveCfg = Release|Any CPU
		{7FE258B9-08C4-400D-B99F-DF3994E0E992}.Release|Any CPU.Build.0 = Release|Any CPU
	EndGlobalSection
	GlobalSection(SolutionProperties) = preSolution
		HideSolutionNode = FALSE
	EndGlobalSection
	GlobalSection(NestedProjects) = preSolution
		{31E86ACA-1D0A-4233-934C-B6666DC090DB} = {AE2B9EC1-E56A-47A9-BAC6-1A9350064B9A}
		{5FE535F1-7BDC-4410-A91F-59B17ED8C385} = {AE2B9EC1-E56A-47A9-BAC6-1A9350064B9A}
		{613A3C11-84FA-474C-917A-0234273CD8E6} = {AE2B9EC1-E56A-47A9-BAC6-1A9350064B9A}
		{AE2B9EC1-E56A-47A9-BAC6-1A9350064B9A} = {BE875889-023B-42C0-A1F3-684B376A0F5B}
		{0730D993-A63B-432B-9FE9-EAEE8172D5A4} = {BE875889-023B-42C0-A1F3-684B376A0F5B}
		{1DF186B2-940A-4045-A0A3-E0211FE826C5} = {0730D993-A63B-432B-9FE9-EAEE8172D5A4}
		{60726202-BB2E-4816-B695-DBE701527629} = {0730D993-A63B-432B-9FE9-EAEE8172D5A4}
		{D9465DD7-39E7-455B-97AB-562009EE4AA3} = {BE875889-023B-42C0-A1F3-684B376A0F5B}
		{7FE258B9-08C4-400D-B99F-DF3994E0E992} = {D9465DD7-39E7-455B-97AB-562009EE4AA3}
	EndGlobalSection
	GlobalSection(ExtensibilityGlobals) = postSolution
		SolutionGuid = {8F1918B7-392F-4108-9813-7CC6597FE310}
	EndGlobalSection
EndGlobal
