
Microsoft Visual Studio Solution File, Format Version 12.00
# Visual Studio Version 17
VisualStudioVersion = 17.3.32901.215
MinimumVisualStudioVersion = 10.0.40219.1
Project("{FAE04EC0-301F-11D3-BF4B-00C04F79EFBC}") = "Dynamics365_TestPlugin", "Dynamics365_Test\Dynamics365_TestPlugin.csproj", "{31E86ACA-1D0A-4233-934C-B6666DC090DB}"
EndProject
Project("{9A19103F-16F7-4668-BE54-9A1E7A4F7556}") = "Dynamics365_TestAPI", "Grocery API\Dynamics365_TestAPI.csproj", "{5FE535F1-7BDC-4410-A91F-59B17ED8C385}"
EndProject
Project("{2150E333-8FDC-42A3-9474-1A3956D46DE8}") = "Dynamics365_TestJS", "Dynamics365_TestJS", "{613A3C11-84FA-474C-917A-0234273CD8E6}"
	ProjectSection(SolutionItems) = preProject
		GroceryScripts.js = GroceryScripts.js
	EndProjectSection
EndProject
Project("{2150E333-8FDC-42A3-9474-1A3956D46DE8}") = "Dynamics 365 Sandbox", "Dynamics 365 Sandbox", "{AE2B9EC1-E56A-47A9-BAC6-1A9350064B9A}"
EndProject
Project("{2150E333-8FDC-42A3-9474-1A3956D46DE8}") = "API Sandbox", "API Sandbox", "{0730D993-A63B-432B-9FE9-EAEE8172D5A4}"
EndProject
Project("{2150E333-8FDC-42A3-9474-1A3956D46DE8}") = "Testing Grounds", "Testing Grounds", "{BE875889-023B-42C0-A1F3-684B376A0F5B}"
EndProject
Project("{9A19103F-16F7-4668-BE54-9A1E7A4F7556}") = "AdventureWorksClassLib", "AdventureWorksClassLib\AdventureWorksClassLib.csproj", "{1DF186B2-940A-4045-A0A3-E0211FE826C5}"
EndProject
Project("{9A19103F-16F7-4668-BE54-9A1E7A4F7556}") = "AdventureWorksAPI", "AdventureWorksAPI\AdventureWorksAPI.csproj", "{60726202-BB2E-4816-B695-DBE701527629}"
EndProject
Project("{2150E333-8FDC-42A3-9474-1A3956D46DE8}") = "Token Sandbox", "Token Sandbox", "{D9465DD7-39E7-455B-97AB-562009EE4AA3}"
EndProject
Project("{9A19103F-16F7-4668-BE54-9A1E7A4F7556}") = "Token_Test", "Token_Test\Token_Test.csproj", "{7FE258B9-08C4-400D-B99F-DF3994E0E992}"
EndProject
Project("{54A90642-561A-4BB1-A94E-469ADEE60C69}") = "react_token_test", "React_Token_Test\react_token_test.esproj", "{41775A7D-C446-48DA-B577-C325DDD75943}"
EndProject
Project("{2150E333-8FDC-42A3-9474-1A3956D46DE8}") = "NParks_Maven_II_AVS", "NParks_Maven_II_AVS", "{552ED7CC-4456-4746-9119-15CAF1C017BC}"
EndProject
Project("{9A19103F-16F7-4668-BE54-9A1E7A4F7556}") = "NParks_Maven_II_AVS_WebApi", "NParks_Maven_II_AVS_WebApi\NParks_Maven_II_AVS_WebApi.csproj", "{126BC7DF-BBB0-4E98-A9C9-C26C4880C5A8}"
EndProject
Project("{9A19103F-16F7-4668-BE54-9A1E7A4F7556}") = "NParks_Maven_II_AVS_ClassLibrary", "NParks_Maven_II_AVS_ClassLibrary\NParks_Maven_II_AVS_ClassLibrary.csproj", "{67A1C733-1664-4452-8EAA-C0605BB71285}"
EndProject
Project("{2150E333-8FDC-42A3-9474-1A3956D46DE8}") = "TeBS_CC", "TeBS_CC", "{30C7F44E-7D90-48C8-B0B2-2F420928FBEB}"
EndProject
Project("{2150E333-8FDC-42A3-9474-1A3956D46DE8}") = "Scripts", "Scripts", "{89F5F974-A235-4552-9848-18DF68FD9C94}"
EndProject
Project("{2150E333-8FDC-42A3-9474-1A3956D46DE8}") = "FormValidation", "FormValidation", "{6AF7ACED-D520-417D-9F01-48BEDCA1ACFD}"
	ProjectSection(SolutionItems) = preProject
		Form_RentalVehicle.js = Form_RentalVehicle.js
	EndProjectSection
EndProject
Project("{FAE04EC0-301F-11D3-BF4B-00C04F79EFBC}") = "TeBS_CC_Plugin", "TeBS_CC_Plugin\TeBS_CC_Plugin.csproj", "{F8AFC76B-FD63-4F9C-83D6-7AC9CD098BA3}"
EndProject
Global
	GlobalSection(SolutionConfigurationPlatforms) = preSolution
		Debug|Any CPU = Debug|Any CPU
		Release|Any CPU = Release|Any CPU
	EndGlobalSection
	GlobalSection(ProjectConfigurationPlatforms) = postSolution
		{31E86ACA-1D0A-4233-934C-B6666DC090DB}.Debug|Any CPU.ActiveCfg = Debug|Any CPU
		{31E86ACA-1D0A-4233-934C-B6666DC090DB}.Debug|Any CPU.Build.0 = Debug|Any CPU
		{31E86ACA-1D0A-4233-934C-B6666DC090DB}.Release|Any CPU.ActiveCfg = Release|Any CPU
		{31E86ACA-1D0A-4233-934C-B6666DC090DB}.Release|Any CPU.Build.0 = Release|Any CPU
		{5FE535F1-7BDC-4410-A91F-59B17ED8C385}.Debug|Any CPU.ActiveCfg = Debug|Any CPU
		{5FE535F1-7BDC-4410-A91F-59B17ED8C385}.Debug|Any CPU.Build.0 = Debug|Any CPU
		{5FE535F1-7BDC-4410-A91F-59B17ED8C385}.Release|Any CPU.ActiveCfg = Release|Any CPU
		{5FE535F1-7BDC-4410-A91F-59B17ED8C385}.Release|Any CPU.Build.0 = Release|Any CPU
		{1DF186B2-940A-4045-A0A3-E0211FE826C5}.Debug|Any CPU.ActiveCfg = Debug|Any CPU
		{1DF186B2-940A-4045-A0A3-E0211FE826C5}.Debug|Any CPU.Build.0 = Debug|Any CPU
		{1DF186B2-940A-4045-A0A3-E0211FE826C5}.Release|Any CPU.ActiveCfg = Release|Any CPU
		{1DF186B2-940A-4045-A0A3-E0211FE826C5}.Release|Any CPU.Build.0 = Release|Any CPU
		{60726202-BB2E-4816-B695-DBE701527629}.Debug|Any CPU.ActiveCfg = Debug|Any CPU
		{60726202-BB2E-4816-B695-DBE701527629}.Debug|Any CPU.Build.0 = Debug|Any CPU
		{60726202-BB2E-4816-B695-DBE701527629}.Release|Any CPU.ActiveCfg = Release|Any CPU
		{60726202-BB2E-4816-B695-DBE701527629}.Release|Any CPU.Build.0 = Release|Any CPU
		{7FE258B9-08C4-400D-B99F-DF3994E0E992}.Debug|Any CPU.ActiveCfg = Debug|Any CPU
		{7FE258B9-08C4-400D-B99F-DF3994E0E992}.Debug|Any CPU.Build.0 = Debug|Any CPU
		{7FE258B9-08C4-400D-B99F-DF3994E0E992}.Release|Any CPU.ActiveCfg = Release|Any CPU
		{7FE258B9-08C4-400D-B99F-DF3994E0E992}.Release|Any CPU.Build.0 = Release|Any CPU
		{41775A7D-C446-48DA-B577-C325DDD75943}.Debug|Any CPU.ActiveCfg = Debug|Any CPU
		{41775A7D-C446-48DA-B577-C325DDD75943}.Debug|Any CPU.Build.0 = Debug|Any CPU
		{41775A7D-C446-48DA-B577-C325DDD75943}.Debug|Any CPU.Deploy.0 = Debug|Any CPU
		{41775A7D-C446-48DA-B577-C325DDD75943}.Release|Any CPU.ActiveCfg = Release|Any CPU
		{41775A7D-C446-48DA-B577-C325DDD75943}.Release|Any CPU.Build.0 = Release|Any CPU
		{41775A7D-C446-48DA-B577-C325DDD75943}.Release|Any CPU.Deploy.0 = Release|Any CPU
		{126BC7DF-BBB0-4E98-A9C9-C26C4880C5A8}.Debug|Any CPU.ActiveCfg = Debug|Any CPU
		{126BC7DF-BBB0-4E98-A9C9-C26C4880C5A8}.Debug|Any CPU.Build.0 = Debug|Any CPU
		{126BC7DF-BBB0-4E98-A9C9-C26C4880C5A8}.Release|Any CPU.ActiveCfg = Release|Any CPU
		{126BC7DF-BBB0-4E98-A9C9-C26C4880C5A8}.Release|Any CPU.Build.0 = Release|Any CPU
		{67A1C733-1664-4452-8EAA-C0605BB71285}.Debug|Any CPU.ActiveCfg = Debug|Any CPU
		{67A1C733-1664-4452-8EAA-C0605BB71285}.Debug|Any CPU.Build.0 = Debug|Any CPU
		{67A1C733-1664-4452-8EAA-C0605BB71285}.Release|Any CPU.ActiveCfg = Release|Any CPU
		{67A1C733-1664-4452-8EAA-C0605BB71285}.Release|Any CPU.Build.0 = Release|Any CPU
		{F8AFC76B-FD63-4F9C-83D6-7AC9CD098BA3}.Debug|Any CPU.ActiveCfg = Debug|Any CPU
		{F8AFC76B-FD63-4F9C-83D6-7AC9CD098BA3}.Debug|Any CPU.Build.0 = Debug|Any CPU
		{F8AFC76B-FD63-4F9C-83D6-7AC9CD098BA3}.Release|Any CPU.ActiveCfg = Release|Any CPU
		{F8AFC76B-FD63-4F9C-83D6-7AC9CD098BA3}.Release|Any CPU.Build.0 = Release|Any CPU
	EndGlobalSection
	GlobalSection(SolutionProperties) = preSolution
		HideSolutionNode = FALSE
	EndGlobalSection
	GlobalSection(NestedProjects) = preSolution
		{31E86ACA-1D0A-4233-934C-B6666DC090DB} = {AE2B9EC1-E56A-47A9-BAC6-1A9350064B9A}
		{5FE535F1-7BDC-4410-A91F-59B17ED8C385} = {AE2B9EC1-E56A-47A9-BAC6-1A9350064B9A}
		{613A3C11-84FA-474C-917A-0234273CD8E6} = {AE2B9EC1-E56A-47A9-BAC6-1A9350064B9A}
		{AE2B9EC1-E56A-47A9-BAC6-1A9350064B9A} = {BE875889-023B-42C0-A1F3-684B376A0F5B}
		{0730D993-A63B-432B-9FE9-EAEE8172D5A4} = {BE875889-023B-42C0-A1F3-684B376A0F5B}
		{1DF186B2-940A-4045-A0A3-E0211FE826C5} = {0730D993-A63B-432B-9FE9-EAEE8172D5A4}
		{60726202-BB2E-4816-B695-DBE701527629} = {0730D993-A63B-432B-9FE9-EAEE8172D5A4}
		{D9465DD7-39E7-455B-97AB-562009EE4AA3} = {BE875889-023B-42C0-A1F3-684B376A0F5B}
		{7FE258B9-08C4-400D-B99F-DF3994E0E992} = {D9465DD7-39E7-455B-97AB-562009EE4AA3}
		{41775A7D-C446-48DA-B577-C325DDD75943} = {D9465DD7-39E7-455B-97AB-562009EE4AA3}
		{552ED7CC-4456-4746-9119-15CAF1C017BC} = {BE875889-023B-42C0-A1F3-684B376A0F5B}
		{126BC7DF-BBB0-4E98-A9C9-C26C4880C5A8} = {552ED7CC-4456-4746-9119-15CAF1C017BC}
		{67A1C733-1664-4452-8EAA-C0605BB71285} = {552ED7CC-4456-4746-9119-15CAF1C017BC}
		{30C7F44E-7D90-48C8-B0B2-2F420928FBEB} = {BE875889-023B-42C0-A1F3-684B376A0F5B}
		{89F5F974-A235-4552-9848-18DF68FD9C94} = {30C7F44E-7D90-48C8-B0B2-2F420928FBEB}
		{6AF7ACED-D520-417D-9F01-48BEDCA1ACFD} = {89F5F974-A235-4552-9848-18DF68FD9C94}
		{F8AFC76B-FD63-4F9C-83D6-7AC9CD098BA3} = {89F5F974-A235-4552-9848-18DF68FD9C94}
	EndGlobalSection
	GlobalSection(ExtensibilityGlobals) = postSolution
		SolutionGuid = {8F1918B7-392F-4108-9813-7CC6597FE310}
	EndGlobalSection
EndGlobal
